
Microsoft Visual Studio Solution File, Format Version 12.00
# Visual Studio Version 17
VisualStudioVersion = 17.5.002.0
MinimumVisualStudioVersion = 10.0.40219.1
Project("{9A19103F-16F7-4668-BE54-9A1E7A4F7556}") = "Attestaciya", "Attestaciya.csproj", "{9F09FBE8-32CE-4C58-939D-8173873C5699}"
EndProject
Global
	GlobalSection(SolutionConfigurationPlatforms) = preSolution
		Debug|Any CPU = Debug|Any CPU
		Release|Any CPU = Release|Any CPU
	EndGlobalSection
	GlobalSection(ProjectConfigurationPlatforms) = postSolution
		{9F09FBE8-32CE-4C58-939D-8173873C5699}.Debug|Any CPU.ActiveCfg = Debug|Any CPU
		{9F09FBE8-32CE-4C58-939D-8173873C5699}.Debug|Any CPU.Build.0 = Debug|Any CPU
		{9F09FBE8-32CE-4C58-939D-8173873C5699}.Release|Any CPU.ActiveCfg = Release|Any CPU
		{9F09FBE8-32CE-4C58-939D-8173873C5699}.Release|Any CPU.Build.0 = Release|Any CPU
	EndGlobalSection
	GlobalSection(SolutionProperties) = preSolution
		HideSolutionNode = FALSE
	EndGlobalSection
	GlobalSection(ExtensibilityGlobals) = postSolution
		SolutionGuid = {EADA2751-49C3-4D5D-956A-570F18C7541E}
	EndGlobalSection
EndGlobal
